// !$*UTF8*$!
{
	archiveVersion = 1;
	classes = {
	};
	objectVersion = 50;
	objects = {

/* Begin PBXBuildFile section */
		100F09A22376FC6000CBF16F /* AppDelegate.swift in Sources */ = {isa = PBXBuildFile; fileRef = 100F09A12376FC6000CBF16F /* AppDelegate.swift */; };
		100F09A42376FC6000CBF16F /* SceneDelegate.swift in Sources */ = {isa = PBXBuildFile; fileRef = 100F09A32376FC6000CBF16F /* SceneDelegate.swift */; };
		100F09A82376FC6100CBF16F /* Assets.xcassets in Resources */ = {isa = PBXBuildFile; fileRef = 100F09A72376FC6100CBF16F /* Assets.xcassets */; };
		100F09AB2376FC6100CBF16F /* Preview Assets.xcassets in Resources */ = {isa = PBXBuildFile; fileRef = 100F09AA2376FC6100CBF16F /* Preview Assets.xcassets */; };
		100F09AE2376FC6100CBF16F /* LaunchScreen.storyboard in Resources */ = {isa = PBXBuildFile; fileRef = 100F09AC2376FC6100CBF16F /* LaunchScreen.storyboard */; };
		100F09B82376FCB600CBF16F /* Habit.swift in Sources */ = {isa = PBXBuildFile; fileRef = 100F09B72376FCB600CBF16F /* Habit.swift */; };
		100F09BA2376FCFC00CBF16F /* Habits.swift in Sources */ = {isa = PBXBuildFile; fileRef = 100F09B92376FCFC00CBF16F /* Habits.swift */; };
		100F09BC2376FE9D00CBF16F /* HabitsView.swift in Sources */ = {isa = PBXBuildFile; fileRef = 100F09BB2376FE9D00CBF16F /* HabitsView.swift */; };
		100F09BE237700FC00CBF16F /* HabitRow.swift in Sources */ = {isa = PBXBuildFile; fileRef = 100F09BD237700FC00CBF16F /* HabitRow.swift */; };
		100F09C02377042800CBF16F /* AddHabitView.swift in Sources */ = {isa = PBXBuildFile; fileRef = 100F09BF2377042800CBF16F /* AddHabitView.swift */; };
		100F09C223773E0200CBF16F /* HabitDetailView.swift in Sources */ = {isa = PBXBuildFile; fileRef = 100F09C123773E0200CBF16F /* HabitDetailView.swift */; };
		1093C0B523786415005A15F7 /* Charts.framework in Frameworks */ = {isa = PBXBuildFile; fileRef = 1093C0B423786415005A15F7 /* Charts.framework */; };
		1093C0B623786415005A15F7 /* Charts.framework in Embed Frameworks */ = {isa = PBXBuildFile; fileRef = 1093C0B423786415005A15F7 /* Charts.framework */; settings = {ATTRIBUTES = (CodeSignOnCopy, RemoveHeadersOnCopy, ); }; };
		1093C0BB237864E4005A15F7 /* ChartView.swift in Sources */ = {isa = PBXBuildFile; fileRef = 1093C0BA237864E4005A15F7 /* ChartView.swift */; };
/* End PBXBuildFile section */

/* Begin PBXCopyFilesBuildPhase section */
		1093C0B723786415005A15F7 /* Embed Frameworks */ = {
			isa = PBXCopyFilesBuildPhase;
			buildActionMask = 2147483647;
			dstPath = "";
			dstSubfolderSpec = 10;
			files = (
				1093C0B623786415005A15F7 /* Charts.framework in Embed Frameworks */,
			);
			name = "Embed Frameworks";
			runOnlyForDeploymentPostprocessing = 0;
		};
/* End PBXCopyFilesBuildPhase section */

/* Begin PBXFileReference section */
		100F099E2376FC6000CBF16F /* HabitTracker.app */ = {isa = PBXFileReference; explicitFileType = wrapper.application; includeInIndex = 0; path = HabitTracker.app; sourceTree = BUILT_PRODUCTS_DIR; };
		100F09A12376FC6000CBF16F /* AppDelegate.swift */ = {isa = PBXFileReference; lastKnownFileType = sourcecode.swift; path = AppDelegate.swift; sourceTree = "<group>"; };
		100F09A32376FC6000CBF16F /* SceneDelegate.swift */ = {isa = PBXFileReference; lastKnownFileType = sourcecode.swift; path = SceneDelegate.swift; sourceTree = "<group>"; };
		100F09A72376FC6100CBF16F /* Assets.xcassets */ = {isa = PBXFileReference; lastKnownFileType = folder.assetcatalog; path = Assets.xcassets; sourceTree = "<group>"; };
		100F09AA2376FC6100CBF16F /* Preview Assets.xcassets */ = {isa = PBXFileReference; lastKnownFileType = folder.assetcatalog; path = "Preview Assets.xcassets"; sourceTree = "<group>"; };
		100F09AD2376FC6100CBF16F /* Base */ = {isa = PBXFileReference; lastKnownFileType = file.storyboard; name = Base; path = Base.lproj/LaunchScreen.storyboard; sourceTree = "<group>"; };
		100F09AF2376FC6100CBF16F /* Info.plist */ = {isa = PBXFileReference; lastKnownFileType = text.plist.xml; path = Info.plist; sourceTree = "<group>"; };
		100F09B72376FCB600CBF16F /* Habit.swift */ = {isa = PBXFileReference; lastKnownFileType = sourcecode.swift; path = Habit.swift; sourceTree = "<group>"; };
		100F09B92376FCFC00CBF16F /* Habits.swift */ = {isa = PBXFileReference; lastKnownFileType = sourcecode.swift; path = Habits.swift; sourceTree = "<group>"; };
		100F09BB2376FE9D00CBF16F /* HabitsView.swift */ = {isa = PBXFileReference; lastKnownFileType = sourcecode.swift; path = HabitsView.swift; sourceTree = "<group>"; };
		100F09BD237700FC00CBF16F /* HabitRow.swift */ = {isa = PBXFileReference; lastKnownFileType = sourcecode.swift; path = HabitRow.swift; sourceTree = "<group>"; };
		100F09BF2377042800CBF16F /* AddHabitView.swift */ = {isa = PBXFileReference; lastKnownFileType = sourcecode.swift; path = AddHabitView.swift; sourceTree = "<group>"; };
		100F09C123773E0200CBF16F /* HabitDetailView.swift */ = {isa = PBXFileReference; lastKnownFileType = sourcecode.swift; path = HabitDetailView.swift; sourceTree = "<group>"; };
		1093C0B423786415005A15F7 /* Charts.framework */ = {isa = PBXFileReference; lastKnownFileType = wrapper.framework; name = Charts.framework; path = Carthage/Build/iOS/Charts.framework; sourceTree = "<group>"; };
		1093C0BA237864E4005A15F7 /* ChartView.swift */ = {isa = PBXFileReference; lastKnownFileType = sourcecode.swift; path = ChartView.swift; sourceTree = "<group>"; };
/* End PBXFileReference section */

/* Begin PBXFrameworksBuildPhase section */
		100F099B2376FC6000CBF16F /* Frameworks */ = {
			isa = PBXFrameworksBuildPhase;
			buildActionMask = 2147483647;
			files = (
				1093C0B523786415005A15F7 /* Charts.framework in Frameworks */,
			);
			runOnlyForDeploymentPostprocessing = 0;
		};
/* End PBXFrameworksBuildPhase section */

/* Begin PBXGroup section */
		100F09952376FC6000CBF16F = {
			isa = PBXGroup;
			children = (
				100F09A02376FC6000CBF16F /* HabitTracker */,
				100F099F2376FC6000CBF16F /* Products */,
				1093C0B323786415005A15F7 /* Frameworks */,
			);
			sourceTree = "<group>";
		};
		100F099F2376FC6000CBF16F /* Products */ = {
			isa = PBXGroup;
			children = (
				100F099E2376FC6000CBF16F /* HabitTracker.app */,
			);
			name = Products;
			sourceTree = "<group>";
		};
		100F09A02376FC6000CBF16F /* HabitTracker */ = {
			isa = PBXGroup;
			children = (
				100F09B62376FC7200CBF16F /* Model */,
				100F09B52376FC6D00CBF16F /* View */,
				100F09A12376FC6000CBF16F /* AppDelegate.swift */,
				100F09A32376FC6000CBF16F /* SceneDelegate.swift */,
				100F09A72376FC6100CBF16F /* Assets.xcassets */,
				100F09AC2376FC6100CBF16F /* LaunchScreen.storyboard */,
				100F09AF2376FC6100CBF16F /* Info.plist */,
				100F09A92376FC6100CBF16F /* Preview Content */,
			);
			path = HabitTracker;
			sourceTree = "<group>";
		};
		100F09A92376FC6100CBF16F /* Preview Content */ = {
			isa = PBXGroup;
			children = (
				100F09AA2376FC6100CBF16F /* Preview Assets.xcassets */,
			);
			path = "Preview Content";
			sourceTree = "<group>";
		};
		100F09B52376FC6D00CBF16F /* View */ = {
			isa = PBXGroup;
			children = (
				1093C0B9237864D1005A15F7 /* UIKit */,
				100F09BB2376FE9D00CBF16F /* HabitsView.swift */,
				100F09BD237700FC00CBF16F /* HabitRow.swift */,
				100F09BF2377042800CBF16F /* AddHabitView.swift */,
				100F09C123773E0200CBF16F /* HabitDetailView.swift */,
			);
			path = View;
			sourceTree = "<group>";
		};
		100F09B62376FC7200CBF16F /* Model */ = {
			isa = PBXGroup;
			children = (
				100F09B72376FCB600CBF16F /* Habit.swift */,
				100F09B92376FCFC00CBF16F /* Habits.swift */,
			);
			path = Model;
			sourceTree = "<group>";
		};
		1093C0B323786415005A15F7 /* Frameworks */ = {
			isa = PBXGroup;
			children = (
				1093C0B423786415005A15F7 /* Charts.framework */,
			);
			name = Frameworks;
			sourceTree = "<group>";
		};
		1093C0B9237864D1005A15F7 /* UIKit */ = {
			isa = PBXGroup;
			children = (
				1093C0BA237864E4005A15F7 /* ChartView.swift */,
			);
			path = UIKit;
			sourceTree = "<group>";
		};
/* End PBXGroup section */

/* Begin PBXNativeTarget section */
		100F099D2376FC6000CBF16F /* HabitTracker */ = {
			isa = PBXNativeTarget;
			buildConfigurationList = 100F09B22376FC6100CBF16F /* Build configuration list for PBXNativeTarget "HabitTracker" */;
			buildPhases = (
				100F099A2376FC6000CBF16F /* Sources */,
				100F099B2376FC6000CBF16F /* Frameworks */,
				100F099C2376FC6000CBF16F /* Resources */,
				1093C0B723786415005A15F7 /* Embed Frameworks */,
				1093C0B82378643A005A15F7 /* ShellScript */,
			);
			buildRules = (
			);
			dependencies = (
			);
			name = HabitTracker;
			packageProductDependencies = (
			);
			productName = HabitTracker;
			productReference = 100F099E2376FC6000CBF16F /* HabitTracker.app */;
			productType = "com.apple.product-type.application";
		};
/* End PBXNativeTarget section */

/* Begin PBXProject section */
		100F09962376FC6000CBF16F /* Project object */ = {
			isa = PBXProject;
			attributes = {
				LastSwiftUpdateCheck = 1120;
				LastUpgradeCheck = 1120;
				ORGANIZATIONNAME = "asplundo development";
				TargetAttributes = {
					100F099D2376FC6000CBF16F = {
						CreatedOnToolsVersion = 11.2;
					};
				};
			};
			buildConfigurationList = 100F09992376FC6000CBF16F /* Build configuration list for PBXProject "HabitTracker" */;
			compatibilityVersion = "Xcode 9.3";
			developmentRegion = en;
			hasScannedForEncodings = 0;
			knownRegions = (
				en,
				Base,
			);
			mainGroup = 100F09952376FC6000CBF16F;
			packageReferences = (
			);
			productRefGroup = 100F099F2376FC6000CBF16F /* Products */;
			projectDirPath = "";
			projectRoot = "";
			targets = (
				100F099D2376FC6000CBF16F /* HabitTracker */,
			);
		};
/* End PBXProject section */

/* Begin PBXResourcesBuildPhase section */
		100F099C2376FC6000CBF16F /* Resources */ = {
			isa = PBXResourcesBuildPhase;
			buildActionMask = 2147483647;
			files = (
				100F09AE2376FC6100CBF16F /* LaunchScreen.storyboard in Resources */,
				100F09AB2376FC6100CBF16F /* Preview Assets.xcassets in Resources */,
				100F09A82376FC6100CBF16F /* Assets.xcassets in Resources */,
			);
			runOnlyForDeploymentPostprocessing = 0;
		};
/* End PBXResourcesBuildPhase section */

/* Begin PBXShellScriptBuildPhase section */
		1093C0B82378643A005A15F7 /* ShellScript */ = {
			isa = PBXShellScriptBuildPhase;
			buildActionMask = 2147483647;
			files = (
			);
			inputFileListPaths = (
			);
			inputPaths = (
			);
			outputFileListPaths = (
			);
			outputPaths = (
			);
			runOnlyForDeploymentPostprocessing = 0;
			shellPath = /bin/sh;
			shellScript = "# Type a script or drag a script file from your workspace to insert its path.\n/usr/local/bin/carthage copy-frameworks\n";
		};
/* End PBXShellScriptBuildPhase section */

/* Begin PBXSourcesBuildPhase section */
		100F099A2376FC6000CBF16F /* Sources */ = {
			isa = PBXSourcesBuildPhase;
			buildActionMask = 2147483647;
			files = (
				100F09A22376FC6000CBF16F /* AppDelegate.swift in Sources */,
				100F09BA2376FCFC00CBF16F /* Habits.swift in Sources */,
				100F09C02377042800CBF16F /* AddHabitView.swift in Sources */,
				100F09A42376FC6000CBF16F /* SceneDelegate.swift in Sources */,
				100F09BE237700FC00CBF16F /* HabitRow.swift in Sources */,
				1093C0BB237864E4005A15F7 /* ChartView.swift in Sources */,
				100F09BC2376FE9D00CBF16F /* HabitsView.swift in Sources */,
				100F09C223773E0200CBF16F /* HabitDetailView.swift in Sources */,
				100F09B82376FCB600CBF16F /* Habit.swift in Sources */,
			);
			runOnlyForDeploymentPostprocessing = 0;
		};
/* End PBXSourcesBuildPhase section */

/* Begin PBXVariantGroup section */
		100F09AC2376FC6100CBF16F /* LaunchScreen.storyboard */ = {
			isa = PBXVariantGroup;
			children = (
				100F09AD2376FC6100CBF16F /* Base */,
			);
			name = LaunchScreen.storyboard;
			sourceTree = "<group>";
		};
/* End PBXVariantGroup section */

/* Begin XCBuildConfiguration section */
		100F09B02376FC6100CBF16F /* Debug */ = {
			isa = XCBuildConfiguration;
			buildSettings = {
				ALWAYS_SEARCH_USER_PATHS = NO;
				CLANG_ANALYZER_NONNULL = YES;
				CLANG_ANALYZER_NUMBER_OBJECT_CONVERSION = YES_AGGRESSIVE;
				CLANG_CXX_LANGUAGE_STANDARD = "gnu++14";
				CLANG_CXX_LIBRARY = "libc++";
				CLANG_ENABLE_MODULES = YES;
				CLANG_ENABLE_OBJC_ARC = YES;
				CLANG_ENABLE_OBJC_WEAK = YES;
				CLANG_WARN_BLOCK_CAPTURE_AUTORELEASING = YES;
				CLANG_WARN_BOOL_CONVERSION = YES;
				CLANG_WARN_COMMA = YES;
				CLANG_WARN_CONSTANT_CONVERSION = YES;
				CLANG_WARN_DEPRECATED_OBJC_IMPLEMENTATIONS = YES;
				CLANG_WARN_DIRECT_OBJC_ISA_USAGE = YES_ERROR;
				CLANG_WARN_DOCUMENTATION_COMMENTS = YES;
				CLANG_WARN_EMPTY_BODY = YES;
				CLANG_WARN_ENUM_CONVERSION = YES;
				CLANG_WARN_INFINITE_RECURSION = YES;
				CLANG_WARN_INT_CONVERSION = YES;
				CLANG_WARN_NON_LITERAL_NULL_CONVERSION = YES;
				CLANG_WARN_OBJC_IMPLICIT_RETAIN_SELF = YES;
				CLANG_WARN_OBJC_LITERAL_CONVERSION = YES;
				CLANG_WARN_OBJC_ROOT_CLASS = YES_ERROR;
				CLANG_WARN_RANGE_LOOP_ANALYSIS = YES;
				CLANG_WARN_STRICT_PROTOTYPES = YES;
				CLANG_WARN_SUSPICIOUS_MOVE = YES;
				CLANG_WARN_UNGUARDED_AVAILABILITY = YES_AGGRESSIVE;
				CLANG_WARN_UNREACHABLE_CODE = YES;
				CLANG_WARN__DUPLICATE_METHOD_MATCH = YES;
				COPY_PHASE_STRIP = NO;
				DEBUG_INFORMATION_FORMAT = dwarf;
				ENABLE_STRICT_OBJC_MSGSEND = YES;
				ENABLE_TESTABILITY = YES;
				GCC_C_LANGUAGE_STANDARD = gnu11;
				GCC_DYNAMIC_NO_PIC = NO;
				GCC_NO_COMMON_BLOCKS = YES;
				GCC_OPTIMIZATION_LEVEL = 0;
				GCC_PREPROCESSOR_DEFINITIONS = (
					"DEBUG=1",
					"$(inherited)",
				);
				GCC_WARN_64_TO_32_BIT_CONVERSION = YES;
				GCC_WARN_ABOUT_RETURN_TYPE = YES_ERROR;
				GCC_WARN_UNDECLARED_SELECTOR = YES;
				GCC_WARN_UNINITIALIZED_AUTOS = YES_AGGRESSIVE;
				GCC_WARN_UNUSED_FUNCTION = YES;
				GCC_WARN_UNUSED_VARIABLE = YES;
				IPHONEOS_DEPLOYMENT_TARGET = 13.2;
				MTL_ENABLE_DEBUG_INFO = INCLUDE_SOURCE;
				MTL_FAST_MATH = YES;
				ONLY_ACTIVE_ARCH = YES;
				SDKROOT = iphoneos;
				SWIFT_ACTIVE_COMPILATION_CONDITIONS = DEBUG;
				SWIFT_OPTIMIZATION_LEVEL = "-Onone";
			};
			name = Debug;
		};
		100F09B12376FC6100CBF16F /* Release */ = {
			isa = XCBuildConfiguration;
			buildSettings = {
				ALWAYS_SEARCH_USER_PATHS = NO;
				CLANG_ANALYZER_NONNULL = YES;
				CLANG_ANALYZER_NUMBER_OBJECT_CONVERSION = YES_AGGRESSIVE;
				CLANG_CXX_LANGUAGE_STANDARD = "gnu++14";
				CLANG_CXX_LIBRARY = "libc++";
				CLANG_ENABLE_MODULES = YES;
				CLANG_ENABLE_OBJC_ARC = YES;
				CLANG_ENABLE_OBJC_WEAK = YES;
				CLANG_WARN_BLOCK_CAPTURE_AUTORELEASING = YES;
				CLANG_WARN_BOOL_CONVERSION = YES;
				CLANG_WARN_COMMA = YES;
				CLANG_WARN_CONSTANT_CONVERSION = YES;
				CLANG_WARN_DEPRECATED_OBJC_IMPLEMENTATIONS = YES;
				CLANG_WARN_DIRECT_OBJC_ISA_USAGE = YES_ERROR;
				CLANG_WARN_DOCUMENTATION_COMMENTS = YES;
				CLANG_WARN_EMPTY_BODY = YES;
				CLANG_WARN_ENUM_CONVERSION = YES;
				CLANG_WARN_INFINITE_RECURSION = YES;
				CLANG_WARN_INT_CONVERSION = YES;
				CLANG_WARN_NON_LITERAL_NULL_CONVERSION = YES;
				CLANG_WARN_OBJC_IMPLICIT_RETAIN_SELF = YES;
				CLANG_WARN_OBJC_LITERAL_CONVERSION = YES;
				CLANG_WARN_OBJC_ROOT_CLASS = YES_ERROR;
				CLANG_WARN_RANGE_LOOP_ANALYSIS = YES;
				CLANG_WARN_STRICT_PROTOTYPES = YES;
				CLANG_WARN_SUSPICIOUS_MOVE = YES;
				CLANG_WARN_UNGUARDED_AVAILABILITY = YES_AGGRESSIVE;
				CLANG_WARN_UNREACHABLE_CODE = YES;
				CLANG_WARN__DUPLICATE_METHOD_MATCH = YES;
				COPY_PHASE_STRIP = NO;
				DEBUG_INFORMATION_FORMAT = "dwarf-with-dsym";
				ENABLE_NS_ASSERTIONS = NO;
				ENABLE_STRICT_OBJC_MSGSEND = YES;
				GCC_C_LANGUAGE_STANDARD = gnu11;
				GCC_NO_COMMON_BLOCKS = YES;
				GCC_WARN_64_TO_32_BIT_CONVERSION = YES;
				GCC_WARN_ABOUT_RETURN_TYPE = YES_ERROR;
				GCC_WARN_UNDECLARED_SELECTOR = YES;
				GCC_WARN_UNINITIALIZED_AUTOS = YES_AGGRESSIVE;
				GCC_WARN_UNUSED_FUNCTION = YES;
				GCC_WARN_UNUSED_VARIABLE = YES;
				IPHONEOS_DEPLOYMENT_TARGET = 13.2;
				MTL_ENABLE_DEBUG_INFO = NO;
				MTL_FAST_MATH = YES;
				SDKROOT = iphoneos;
				SWIFT_COMPILATION_MODE = wholemodule;
				SWIFT_OPTIMIZATION_LEVEL = "-O";
				VALIDATE_PRODUCT = YES;
			};
			name = Release;
		};
		100F09B32376FC6100CBF16F /* Debug */ = {
			isa = XCBuildConfiguration;
			buildSettings = {
				ASSETCATALOG_COMPILER_APPICON_NAME = AppIcon;
				CODE_SIGN_STYLE = Automatic;
				DEVELOPMENT_ASSET_PATHS = "\"HabitTracker/Preview Content\"";
				DEVELOPMENT_TEAM = 95J6QC3H48;
				ENABLE_PREVIEWS = YES;
				FRAMEWORK_SEARCH_PATHS = (
					"$(inherited)",
					"$(PROJECT_DIR)/Carthage/Build/iOS",
				);
				INFOPLIST_FILE = HabitTracker/Info.plist;
				LD_RUNPATH_SEARCH_PATHS = (
					"$(inherited)",
					"@executable_path/Frameworks",
				);
				PRODUCT_BUNDLE_IDENTIFIER = se.asplundo.HabitTracker;
				PRODUCT_NAME = "$(TARGET_NAME)";
				SWIFT_VERSION = 5.0;
				TARGETED_DEVICE_FAMILY = "1,2";
			};
			name = Debug;
		};
		100F09B42376FC6100CBF16F /* Release */ = {
			isa = XCBuildConfiguration;
			buildSettings = {
				ASSETCATALOG_COMPILER_APPICON_NAME = AppIcon;
				CODE_SIGN_STYLE = Automatic;
				DEVELOPMENT_ASSET_PATHS = "\"HabitTracker/Preview Content\"";
				DEVELOPMENT_TEAM = 95J6QC3H48;
				ENABLE_PREVIEWS = YES;
				FRAMEWORK_SEARCH_PATHS = (
					"$(inherited)",
					"$(PROJECT_DIR)/Carthage/Build/iOS",
				);
				INFOPLIST_FILE = HabitTracker/Info.plist;
				LD_RUNPATH_SEARCH_PATHS = (
					"$(inherited)",
					"@executable_path/Frameworks",
				);
				PRODUCT_BUNDLE_IDENTIFIER = se.asplundo.HabitTracker;
				PRODUCT_NAME = "$(TARGET_NAME)";
				SWIFT_VERSION = 5.0;
				TARGETED_DEVICE_FAMILY = "1,2";
			};
			name = Release;
		};
/* End XCBuildConfiguration section */

/* Begin XCConfigurationList section */
		100F09992376FC6000CBF16F /* Build configuration list for PBXProject "HabitTracker" */ = {
			isa = XCConfigurationList;
			buildConfigurations = (
				100F09B02376FC6100CBF16F /* Debug */,
				100F09B12376FC6100CBF16F /* Release */,
			);
			defaultConfigurationIsVisible = 0;
			defaultConfigurationName = Release;
		};
		100F09B22376FC6100CBF16F /* Build configuration list for PBXNativeTarget "HabitTracker" */ = {
			isa = XCConfigurationList;
			buildConfigurations = (
				100F09B32376FC6100CBF16F /* Debug */,
				100F09B42376FC6100CBF16F /* Release */,
			);
			defaultConfigurationIsVisible = 0;
			defaultConfigurationName = Release;
		};
/* End XCConfigurationList section */
	};
	rootObject = 100F09962376FC6000CBF16F /* Project object */;
}
